
Microsoft Visual Studio Solution File, Format Version 12.00
# Visual Studio Version 16
VisualStudioVersion = 16.0.29409.12
MinimumVisualStudioVersion = 10.0.40219.1
Project("{FAE04EC0-301F-11D3-BF4B-00C04F79EFBC}") = "GEIMS", "GEIMS\GEIMS.csproj", "{77D57E6D-9E34-4384-8F79-CB511D081EEC}"
EndProject
Project("{FAE04EC0-301F-11D3-BF4B-00C04F79EFBC}") = "GEIMS.BO", "GEIMS.BO\GEIMS.BO.csproj", "{FCF0964C-7CDD-4280-8704-916AAFC19446}"
EndProject
Project("{FAE04EC0-301F-11D3-BF4B-00C04F79EFBC}") = "GEIMS.BL", "GEIMS.BL\GEIMS.BL.csproj", "{9ED63650-79CA-45FD-A3FA-E7C03A4CA8AA}"
EndProject
Project("{FAE04EC0-301F-11D3-BF4B-00C04F79EFBC}") = "GEIMS.Common", "GEIMS.Common\GEIMS.Common.csproj", "{C027FA47-AB2F-48E2-B4D4-165D91259638}"
EndProject
Project("{FAE04EC0-301F-11D3-BF4B-00C04F79EFBC}") = "GEIMS.DataAccess", "GEIMS.DataAccess\GEIMS.DataAccess.csproj", "{23FF21AC-E130-44B1-9AA9-C17D42829B40}"
EndProject
Global
	GlobalSection(SolutionConfigurationPlatforms) = preSolution
		Debug|Any CPU = Debug|Any CPU
		Release|Any CPU = Release|Any CPU
	EndGlobalSection
	GlobalSection(ProjectConfigurationPlatforms) = postSolution
		{77D57E6D-9E34-4384-8F79-CB511D081EEC}.Debug|Any CPU.ActiveCfg = Debug|Any CPU
		{77D57E6D-9E34-4384-8F79-CB511D081EEC}.Debug|Any CPU.Build.0 = Debug|Any CPU
		{77D57E6D-9E34-4384-8F79-CB511D081EEC}.Release|Any CPU.ActiveCfg = Release|Any CPU
		{77D57E6D-9E34-4384-8F79-CB511D081EEC}.Release|Any CPU.Build.0 = Release|Any CPU
		{FCF0964C-7CDD-4280-8704-916AAFC19446}.Debug|Any CPU.ActiveCfg = Debug|Any CPU
		{FCF0964C-7CDD-4280-8704-916AAFC19446}.Debug|Any CPU.Build.0 = Debug|Any CPU
		{FCF0964C-7CDD-4280-8704-916AAFC19446}.Release|Any CPU.ActiveCfg = Release|Any CPU
		{FCF0964C-7CDD-4280-8704-916AAFC19446}.Release|Any CPU.Build.0 = Release|Any CPU
		{9ED63650-79CA-45FD-A3FA-E7C03A4CA8AA}.Debug|Any CPU.ActiveCfg = Debug|Any CPU
		{9ED63650-79CA-45FD-A3FA-E7C03A4CA8AA}.Debug|Any CPU.Build.0 = Debug|Any CPU
		{9ED63650-79CA-45FD-A3FA-E7C03A4CA8AA}.Release|Any CPU.ActiveCfg = Release|Any CPU
		{9ED63650-79CA-45FD-A3FA-E7C03A4CA8AA}.Release|Any CPU.Build.0 = Release|Any CPU
		{C027FA47-AB2F-48E2-B4D4-165D91259638}.Debug|Any CPU.ActiveCfg = Debug|Any CPU
		{C027FA47-AB2F-48E2-B4D4-165D91259638}.Debug|Any CPU.Build.0 = Debug|Any CPU
		{C027FA47-AB2F-48E2-B4D4-165D91259638}.Release|Any CPU.ActiveCfg = Release|Any CPU
		{C027FA47-AB2F-48E2-B4D4-165D91259638}.Release|Any CPU.Build.0 = Release|Any CPU
		{23FF21AC-E130-44B1-9AA9-C17D42829B40}.Debug|Any CPU.ActiveCfg = Debug|Any CPU
		{23FF21AC-E130-44B1-9AA9-C17D42829B40}.Debug|Any CPU.Build.0 = Debug|Any CPU
		{23FF21AC-E130-44B1-9AA9-C17D42829B40}.Release|Any CPU.ActiveCfg = Release|Any CPU
		{23FF21AC-E130-44B1-9AA9-C17D42829B40}.Release|Any CPU.Build.0 = Release|Any CPU
	EndGlobalSection
	GlobalSection(SolutionProperties) = preSolution
		HideSolutionNode = FALSE
	EndGlobalSection
	GlobalSection(ExtensibilityGlobals) = postSolution
		SolutionGuid = {D5CC5C7D-C0E2-454F-BD4F-731A5ACF175D}
	EndGlobalSection
EndGlobal
